// !$*UTF8*$!
{
	archiveVersion = 1;
	classes = {
	};
	objectVersion = 51;
	objects = {

/* Begin PBXBuildFile section */
		A055E94CFBCB5EAB42F5528C /* Pods_Netflix.framework in Frameworks */ = {isa = PBXBuildFile; fileRef = 8445757D1C2DE3D091BD0060 /* Pods_Netflix.framework */; };
		A1AB6C54241C44DD00323E75 /* OnboardingController.swift in Sources */ = {isa = PBXBuildFile; fileRef = A1AB6C53241C44DD00323E75 /* OnboardingController.swift */; };
		A1AB6C56241C465000323E75 /* OnboardingView.swift in Sources */ = {isa = PBXBuildFile; fileRef = A1AB6C55241C465000323E75 /* OnboardingView.swift */; };
		A1AB6C72241D864200323E75 /* GalleryController.swift in Sources */ = {isa = PBXBuildFile; fileRef = A1AB6C71241D864200323E75 /* GalleryController.swift */; };
		A1D2EDBE241841F500024CD3 /* AppDelegate.swift in Sources */ = {isa = PBXBuildFile; fileRef = A1D2EDBD241841F500024CD3 /* AppDelegate.swift */; };
		A1D2EDC0241841F500024CD3 /* SceneDelegate.swift in Sources */ = {isa = PBXBuildFile; fileRef = A1D2EDBF241841F500024CD3 /* SceneDelegate.swift */; };
		A1D2EDC2241841F500024CD3 /* ViewController.swift in Sources */ = {isa = PBXBuildFile; fileRef = A1D2EDC1241841F500024CD3 /* ViewController.swift */; };
		A1D2EDC5241841F500024CD3 /* Main.storyboard in Resources */ = {isa = PBXBuildFile; fileRef = A1D2EDC3241841F500024CD3 /* Main.storyboard */; };
		A1D2EDC7241841F800024CD3 /* Assets.xcassets in Resources */ = {isa = PBXBuildFile; fileRef = A1D2EDC6241841F800024CD3 /* Assets.xcassets */; };
		A1D2EDCA241841F800024CD3 /* LaunchScreen.storyboard in Resources */ = {isa = PBXBuildFile; fileRef = A1D2EDC8241841F800024CD3 /* LaunchScreen.storyboard */; };
		A1D2EDEC2418456500024CD3 /* Window.swift in Sources */ = {isa = PBXBuildFile; fileRef = A1D2EDDB2418456200024CD3 /* Window.swift */; };
		A1D2EDED2418456500024CD3 /* Device.swift in Sources */ = {isa = PBXBuildFile; fileRef = A1D2EDDC2418456200024CD3 /* Device.swift */; };
		A1D2EDEF2418456500024CD3 /* CustomAVPlayer.swift in Sources */ = {isa = PBXBuildFile; fileRef = A1D2EDDF2418456200024CD3 /* CustomAVPlayer.swift */; };
		A1D2EDF02418456500024CD3 /* CustomBMPlayer.swift in Sources */ = {isa = PBXBuildFile; fileRef = A1D2EDE12418456200024CD3 /* CustomBMPlayer.swift */; };
		A1D2EDF12418456500024CD3 /* HomeController.swift in Sources */ = {isa = PBXBuildFile; fileRef = A1D2EDE32418456400024CD3 /* HomeController.swift */; };
		A1D2EDF22418456500024CD3 /* DownloadsController.swift in Sources */ = {isa = PBXBuildFile; fileRef = A1D2EDE42418456400024CD3 /* DownloadsController.swift */; };
		A1D2EDF32418456500024CD3 /* LoginViewController.swift in Sources */ = {isa = PBXBuildFile; fileRef = A1D2EDE52418456400024CD3 /* LoginViewController.swift */; };
		A1D2EDF42418456500024CD3 /* TabBarController.swift in Sources */ = {isa = PBXBuildFile; fileRef = A1D2EDE62418456400024CD3 /* TabBarController.swift */; };
		A1D2EDF52418456500024CD3 /* LoginView.swift in Sources */ = {isa = PBXBuildFile; fileRef = A1D2EDE82418456500024CD3 /* LoginView.swift */; };
		A1D2EDF62418456500024CD3 /* HomeView.swift in Sources */ = {isa = PBXBuildFile; fileRef = A1D2EDE92418456500024CD3 /* HomeView.swift */; };
		A1D2EDF92418457800024CD3 /* GoogleService-Info.plist in Resources */ = {isa = PBXBuildFile; fileRef = A1D2EDF82418457800024CD3 /* GoogleService-Info.plist */; };
		A1D2EE1D24184DC300024CD3 /* Lato-Regular.ttf in Resources */ = {isa = PBXBuildFile; fileRef = A1D2EE1A24184DC200024CD3 /* Lato-Regular.ttf */; };
		A1D2EE1E24184DC300024CD3 /* Lato-Heavy.ttf in Resources */ = {isa = PBXBuildFile; fileRef = A1D2EE1B24184DC300024CD3 /* Lato-Heavy.ttf */; };
		A1D2EE1F24184DC300024CD3 /* Lato-Bold.ttf in Resources */ = {isa = PBXBuildFile; fileRef = A1D2EE1C24184DC300024CD3 /* Lato-Bold.ttf */; };
/* End PBXBuildFile section */

/* Begin PBXFileReference section */
		6F0AA26BEA945023A50694C4 /* Pods-Netflix.debug.xcconfig */ = {isa = PBXFileReference; includeInIndex = 1; lastKnownFileType = text.xcconfig; name = "Pods-Netflix.debug.xcconfig"; path = "Target Support Files/Pods-Netflix/Pods-Netflix.debug.xcconfig"; sourceTree = "<group>"; };
		838099E70E970C46CC95A8CC /* Pods-Netflix.release.xcconfig */ = {isa = PBXFileReference; includeInIndex = 1; lastKnownFileType = text.xcconfig; name = "Pods-Netflix.release.xcconfig"; path = "Target Support Files/Pods-Netflix/Pods-Netflix.release.xcconfig"; sourceTree = "<group>"; };
		8445757D1C2DE3D091BD0060 /* Pods_Netflix.framework */ = {isa = PBXFileReference; explicitFileType = wrapper.framework; includeInIndex = 0; path = Pods_Netflix.framework; sourceTree = BUILT_PRODUCTS_DIR; };
		A1AB6C53241C44DD00323E75 /* OnboardingController.swift */ = {isa = PBXFileReference; lastKnownFileType = sourcecode.swift; path = OnboardingController.swift; sourceTree = "<group>"; };
		A1AB6C55241C465000323E75 /* OnboardingView.swift */ = {isa = PBXFileReference; lastKnownFileType = sourcecode.swift; path = OnboardingView.swift; sourceTree = "<group>"; };
		A1AB6C71241D864200323E75 /* GalleryController.swift */ = {isa = PBXFileReference; lastKnownFileType = sourcecode.swift; path = GalleryController.swift; sourceTree = "<group>"; };
		A1D2EDBA241841F500024CD3 /* Netflix.app */ = {isa = PBXFileReference; explicitFileType = wrapper.application; includeInIndex = 0; path = Netflix.app; sourceTree = BUILT_PRODUCTS_DIR; };
		A1D2EDBD241841F500024CD3 /* AppDelegate.swift */ = {isa = PBXFileReference; lastKnownFileType = sourcecode.swift; path = AppDelegate.swift; sourceTree = "<group>"; };
		A1D2EDBF241841F500024CD3 /* SceneDelegate.swift */ = {isa = PBXFileReference; lastKnownFileType = sourcecode.swift; path = SceneDelegate.swift; sourceTree = "<group>"; };
		A1D2EDC1241841F500024CD3 /* ViewController.swift */ = {isa = PBXFileReference; lastKnownFileType = sourcecode.swift; path = ViewController.swift; sourceTree = "<group>"; };
		A1D2EDC4241841F500024CD3 /* Base */ = {isa = PBXFileReference; lastKnownFileType = file.storyboard; name = Base; path = Base.lproj/Main.storyboard; sourceTree = "<group>"; };
		A1D2EDC6241841F800024CD3 /* Assets.xcassets */ = {isa = PBXFileReference; lastKnownFileType = folder.assetcatalog; path = Assets.xcassets; sourceTree = "<group>"; };
		A1D2EDC9241841F800024CD3 /* Base */ = {isa = PBXFileReference; lastKnownFileType = file.storyboard; name = Base; path = Base.lproj/LaunchScreen.storyboard; sourceTree = "<group>"; };
		A1D2EDCB241841F800024CD3 /* Info.plist */ = {isa = PBXFileReference; lastKnownFileType = text.plist.xml; path = Info.plist; sourceTree = "<group>"; };
		A1D2EDDB2418456200024CD3 /* Window.swift */ = {isa = PBXFileReference; fileEncoding = 4; lastKnownFileType = sourcecode.swift; path = Window.swift; sourceTree = "<group>"; };
		A1D2EDDC2418456200024CD3 /* Device.swift */ = {isa = PBXFileReference; fileEncoding = 4; lastKnownFileType = sourcecode.swift; path = Device.swift; sourceTree = "<group>"; };
		A1D2EDDF2418456200024CD3 /* CustomAVPlayer.swift */ = {isa = PBXFileReference; fileEncoding = 4; lastKnownFileType = sourcecode.swift; path = CustomAVPlayer.swift; sourceTree = "<group>"; };
		A1D2EDE12418456200024CD3 /* CustomBMPlayer.swift */ = {isa = PBXFileReference; fileEncoding = 4; lastKnownFileType = sourcecode.swift; path = CustomBMPlayer.swift; sourceTree = "<group>"; };
		A1D2EDE32418456400024CD3 /* HomeController.swift */ = {isa = PBXFileReference; fileEncoding = 4; lastKnownFileType = sourcecode.swift; path = HomeController.swift; sourceTree = "<group>"; };
		A1D2EDE42418456400024CD3 /* DownloadsController.swift */ = {isa = PBXFileReference; fileEncoding = 4; lastKnownFileType = sourcecode.swift; path = DownloadsController.swift; sourceTree = "<group>"; };
		A1D2EDE52418456400024CD3 /* LoginViewController.swift */ = {isa = PBXFileReference; fileEncoding = 4; lastKnownFileType = sourcecode.swift; path = LoginViewController.swift; sourceTree = "<group>"; };
		A1D2EDE62418456400024CD3 /* TabBarController.swift */ = {isa = PBXFileReference; fileEncoding = 4; lastKnownFileType = sourcecode.swift; path = TabBarController.swift; sourceTree = "<group>"; };
		A1D2EDE82418456500024CD3 /* LoginView.swift */ = {isa = PBXFileReference; fileEncoding = 4; lastKnownFileType = sourcecode.swift; path = LoginView.swift; sourceTree = "<group>"; };
		A1D2EDE92418456500024CD3 /* HomeView.swift */ = {isa = PBXFileReference; fileEncoding = 4; lastKnownFileType = sourcecode.swift; path = HomeView.swift; sourceTree = "<group>"; };
		A1D2EDF82418457800024CD3 /* GoogleService-Info.plist */ = {isa = PBXFileReference; fileEncoding = 4; lastKnownFileType = text.plist.xml; path = "GoogleService-Info.plist"; sourceTree = "<group>"; };
		A1D2EE1A24184DC200024CD3 /* Lato-Regular.ttf */ = {isa = PBXFileReference; lastKnownFileType = file; path = "Lato-Regular.ttf"; sourceTree = "<group>"; };
		A1D2EE1B24184DC300024CD3 /* Lato-Heavy.ttf */ = {isa = PBXFileReference; lastKnownFileType = file; path = "Lato-Heavy.ttf"; sourceTree = "<group>"; };
		A1D2EE1C24184DC300024CD3 /* Lato-Bold.ttf */ = {isa = PBXFileReference; lastKnownFileType = file; path = "Lato-Bold.ttf"; sourceTree = "<group>"; };
/* End PBXFileReference section */

/* Begin PBXFrameworksBuildPhase section */
		A1D2EDB7241841F500024CD3 /* Frameworks */ = {
			isa = PBXFrameworksBuildPhase;
			buildActionMask = 2147483647;
			files = (
				A055E94CFBCB5EAB42F5528C /* Pods_Netflix.framework in Frameworks */,
			);
			runOnlyForDeploymentPostprocessing = 0;
		};
/* End PBXFrameworksBuildPhase section */

/* Begin PBXGroup section */
		6C9494072244085FF74D8F99 /* Pods */ = {
			isa = PBXGroup;
			children = (
				6F0AA26BEA945023A50694C4 /* Pods-Netflix.debug.xcconfig */,
				838099E70E970C46CC95A8CC /* Pods-Netflix.release.xcconfig */,
			);
			path = Pods;
			sourceTree = "<group>";
		};
		A1D2EDB1241841F500024CD3 = {
			isa = PBXGroup;
			children = (
				A1D2EDBC241841F500024CD3 /* Netflix */,
				A1D2EDBB241841F500024CD3 /* Products */,
				6C9494072244085FF74D8F99 /* Pods */,
				AC54BF1A5DB0A8EB1C765A80 /* Frameworks */,
			);
			sourceTree = "<group>";
		};
		A1D2EDBB241841F500024CD3 /* Products */ = {
			isa = PBXGroup;
			children = (
				A1D2EDBA241841F500024CD3 /* Netflix.app */,
			);
			name = Products;
			sourceTree = "<group>";
		};
		A1D2EDBC241841F500024CD3 /* Netflix */ = {
			isa = PBXGroup;
			children = (
				A1D2EE1924184DB300024CD3 /* Fonts */,
				A1D2EDD72418456200024CD3 /* Common */,
				A1D2EDE72418456500024CD3 /* Views */,
				A1D2EDE22418456400024CD3 /* Components */,
				A1D2EDBF241841F500024CD3 /* SceneDelegate.swift */,
				A1D2EDBD241841F500024CD3 /* AppDelegate.swift */,
				A1D2EDC1241841F500024CD3 /* ViewController.swift */,
				A1D2EDC3241841F500024CD3 /* Main.storyboard */,
				A1D2EDC6241841F800024CD3 /* Assets.xcassets */,
				A1D2EDC8241841F800024CD3 /* LaunchScreen.storyboard */,
				A1D2EDCB241841F800024CD3 /* Info.plist */,
				A1D2EDF82418457800024CD3 /* GoogleService-Info.plist */,
			);
			path = Netflix;
			sourceTree = "<group>";
		};
		A1D2EDD72418456200024CD3 /* Common */ = {
			isa = PBXGroup;
			children = (
				A1D2EDDA2418456200024CD3 /* Extensions */,
				A1D2EDDE2418456200024CD3 /* CustomVideoPlayer */,
				A1D2EDE02418456200024CD3 /* CustomBMPlayer */,
			);
			path = Common;
			sourceTree = "<group>";
		};
		A1D2EDDA2418456200024CD3 /* Extensions */ = {
			isa = PBXGroup;
			children = (
				A1D2EDDB2418456200024CD3 /* Window.swift */,
				A1D2EDDC2418456200024CD3 /* Device.swift */,
			);
			path = Extensions;
			sourceTree = "<group>";
		};
		A1D2EDDE2418456200024CD3 /* CustomVideoPlayer */ = {
			isa = PBXGroup;
			children = (
				A1D2EDDF2418456200024CD3 /* CustomAVPlayer.swift */,
			);
			path = CustomVideoPlayer;
			sourceTree = "<group>";
		};
		A1D2EDE02418456200024CD3 /* CustomBMPlayer */ = {
			isa = PBXGroup;
			children = (
				A1D2EDE12418456200024CD3 /* CustomBMPlayer.swift */,
			);
			path = CustomBMPlayer;
			sourceTree = "<group>";
		};
		A1D2EDE22418456400024CD3 /* Components */ = {
			isa = PBXGroup;
			children = (
				A1D2EDE62418456400024CD3 /* TabBarController.swift */,
				A1AB6C53241C44DD00323E75 /* OnboardingController.swift */,
				A1D2EDE52418456400024CD3 /* LoginViewController.swift */,
				A1D2EDE32418456400024CD3 /* HomeController.swift */,
				A1D2EDE42418456400024CD3 /* DownloadsController.swift */,
				A1AB6C71241D864200323E75 /* GalleryController.swift */,
			);
			path = Components;
			sourceTree = "<group>";
		};
		A1D2EDE72418456500024CD3 /* Views */ = {
			isa = PBXGroup;
			children = (
				A1AB6C55241C465000323E75 /* OnboardingView.swift */,
				A1D2EDE82418456500024CD3 /* LoginView.swift */,
				A1D2EDE92418456500024CD3 /* HomeView.swift */,
			);
			path = Views;
			sourceTree = "<group>";
		};
		A1D2EE1924184DB300024CD3 /* Fonts */ = {
			isa = PBXGroup;
			children = (
				A1D2EE1C24184DC300024CD3 /* Lato-Bold.ttf */,
				A1D2EE1B24184DC300024CD3 /* Lato-Heavy.ttf */,
				A1D2EE1A24184DC200024CD3 /* Lato-Regular.ttf */,
			);
			path = Fonts;
			sourceTree = "<group>";
		};
		AC54BF1A5DB0A8EB1C765A80 /* Frameworks */ = {
			isa = PBXGroup;
			children = (
				8445757D1C2DE3D091BD0060 /* Pods_Netflix.framework */,
			);
			name = Frameworks;
			sourceTree = "<group>";
		};
/* End PBXGroup section */

/* Begin PBXNativeTarget section */
		A1D2EDB9241841F500024CD3 /* Netflix */ = {
			isa = PBXNativeTarget;
			buildConfigurationList = A1D2EDCE241841F800024CD3 /* Build configuration list for PBXNativeTarget "Netflix" */;
			buildPhases = (
				BC06956C9A6F84DF10D1C5A2 /* [CP] Check Pods Manifest.lock */,
				A1D2EDB6241841F500024CD3 /* Sources */,
				A1D2EDB7241841F500024CD3 /* Frameworks */,
				A1D2EDB8241841F500024CD3 /* Resources */,
				B4BC415D90F5A6CBD50226B3 /* [CP] Embed Pods Frameworks */,
				6A7E689BAA9CB0BFCC47B2C0 /* [CP] Copy Pods Resources */,
			);
			buildRules = (
			);
			dependencies = (
			);
			name = Netflix;
			productName = Netflix;
			productReference = A1D2EDBA241841F500024CD3 /* Netflix.app */;
			productType = "com.apple.product-type.application";
		};
/* End PBXNativeTarget section */

/* Begin PBXProject section */
		A1D2EDB2241841F500024CD3 /* Project object */ = {
			isa = PBXProject;
			attributes = {
				LastSwiftUpdateCheck = 1130;
				LastUpgradeCheck = 1130;
				ORGANIZATIONNAME = "Alejo Castaño";
				TargetAttributes = {
					A1D2EDB9241841F500024CD3 = {
						CreatedOnToolsVersion = 11.3.1;
					};
				};
			};
			buildConfigurationList = A1D2EDB5241841F500024CD3 /* Build configuration list for PBXProject "Netflix" */;
			compatibilityVersion = "Xcode 9.3";
			developmentRegion = en;
			hasScannedForEncodings = 0;
			knownRegions = (
				en,
				Base,
			);
			mainGroup = A1D2EDB1241841F500024CD3;
			productRefGroup = A1D2EDBB241841F500024CD3 /* Products */;
			projectDirPath = "";
			projectRoot = "";
			targets = (
				A1D2EDB9241841F500024CD3 /* Netflix */,
			);
		};
/* End PBXProject section */

/* Begin PBXResourcesBuildPhase section */
		A1D2EDB8241841F500024CD3 /* Resources */ = {
			isa = PBXResourcesBuildPhase;
			buildActionMask = 2147483647;
			files = (
				A1D2EE1F24184DC300024CD3 /* Lato-Bold.ttf in Resources */,
				A1D2EE1E24184DC300024CD3 /* Lato-Heavy.ttf in Resources */,
				A1D2EDCA241841F800024CD3 /* LaunchScreen.storyboard in Resources */,
				A1D2EDF92418457800024CD3 /* GoogleService-Info.plist in Resources */,
				A1D2EE1D24184DC300024CD3 /* Lato-Regular.ttf in Resources */,
				A1D2EDC7241841F800024CD3 /* Assets.xcassets in Resources */,
				A1D2EDC5241841F500024CD3 /* Main.storyboard in Resources */,
			);
			runOnlyForDeploymentPostprocessing = 0;
		};
/* End PBXResourcesBuildPhase section */

/* Begin PBXShellScriptBuildPhase section */
		6A7E689BAA9CB0BFCC47B2C0 /* [CP] Copy Pods Resources */ = {
			isa = PBXShellScriptBuildPhase;
			buildActionMask = 2147483647;
			files = (
			);
			inputFileListPaths = (
				"${PODS_ROOT}/Target Support Files/Pods-Netflix/Pods-Netflix-resources-${CONFIGURATION}-input-files.xcfilelist",
			);
			name = "[CP] Copy Pods Resources";
			outputFileListPaths = (
				"${PODS_ROOT}/Target Support Files/Pods-Netflix/Pods-Netflix-resources-${CONFIGURATION}-output-files.xcfilelist",
			);
			runOnlyForDeploymentPostprocessing = 0;
			shellPath = /bin/sh;
			shellScript = "\"${PODS_ROOT}/Target Support Files/Pods-Netflix/Pods-Netflix-resources.sh\"\n";
			showEnvVarsInLog = 0;
		};
		B4BC415D90F5A6CBD50226B3 /* [CP] Embed Pods Frameworks */ = {
			isa = PBXShellScriptBuildPhase;
			buildActionMask = 2147483647;
			files = (
			);
			inputFileListPaths = (
				"${PODS_ROOT}/Target Support Files/Pods-Netflix/Pods-Netflix-frameworks-${CONFIGURATION}-input-files.xcfilelist",
			);
			name = "[CP] Embed Pods Frameworks";
			outputFileListPaths = (
				"${PODS_ROOT}/Target Support Files/Pods-Netflix/Pods-Netflix-frameworks-${CONFIGURATION}-output-files.xcfilelist",
			);
			runOnlyForDeploymentPostprocessing = 0;
			shellPath = /bin/sh;
			shellScript = "\"${PODS_ROOT}/Target Support Files/Pods-Netflix/Pods-Netflix-frameworks.sh\"\n";
			showEnvVarsInLog = 0;
		};
		BC06956C9A6F84DF10D1C5A2 /* [CP] Check Pods Manifest.lock */ = {
			isa = PBXShellScriptBuildPhase;
			buildActionMask = 2147483647;
			files = (
			);
			inputFileListPaths = (
			);
			inputPaths = (
				"${PODS_PODFILE_DIR_PATH}/Podfile.lock",
				"${PODS_ROOT}/Manifest.lock",
			);
			name = "[CP] Check Pods Manifest.lock";
			outputFileListPaths = (
			);
			outputPaths = (
				"$(DERIVED_FILE_DIR)/Pods-Netflix-checkManifestLockResult.txt",
			);
			runOnlyForDeploymentPostprocessing = 0;
			shellPath = /bin/sh;
			shellScript = "diff \"${PODS_PODFILE_DIR_PATH}/Podfile.lock\" \"${PODS_ROOT}/Manifest.lock\" > /dev/null\nif [ $? != 0 ] ; then\n    # print error to STDERR\n    echo \"error: The sandbox is not in sync with the Podfile.lock. Run 'pod install' or update your CocoaPods installation.\" >&2\n    exit 1\nfi\n# This output is used by Xcode 'outputs' to avoid re-running this script phase.\necho \"SUCCESS\" > \"${SCRIPT_OUTPUT_FILE_0}\"\n";
			showEnvVarsInLog = 0;
		};
/* End PBXShellScriptBuildPhase section */

/* Begin PBXSourcesBuildPhase section */
		A1D2EDB6241841F500024CD3 /* Sources */ = {
			isa = PBXSourcesBuildPhase;
			buildActionMask = 2147483647;
			files = (
				A1D2EDF32418456500024CD3 /* LoginViewController.swift in Sources */,
				A1D2EDF42418456500024CD3 /* TabBarController.swift in Sources */,
				A1D2EDF62418456500024CD3 /* HomeView.swift in Sources */,
				A1D2EDF22418456500024CD3 /* DownloadsController.swift in Sources */,
				A1D2EDEF2418456500024CD3 /* CustomAVPlayer.swift in Sources */,
				A1D2EDEC2418456500024CD3 /* Window.swift in Sources */,
				A1AB6C72241D864200323E75 /* GalleryController.swift in Sources */,
				A1AB6C54241C44DD00323E75 /* OnboardingController.swift in Sources */,
				A1D2EDF12418456500024CD3 /* HomeController.swift in Sources */,
				A1D2EDF52418456500024CD3 /* LoginView.swift in Sources */,
				A1AB6C56241C465000323E75 /* OnboardingView.swift in Sources */,
				A1D2EDC2241841F500024CD3 /* ViewController.swift in Sources */,
				A1D2EDED2418456500024CD3 /* Device.swift in Sources */,
				A1D2EDBE241841F500024CD3 /* AppDelegate.swift in Sources */,
				A1D2EDF02418456500024CD3 /* CustomBMPlayer.swift in Sources */,
				A1D2EDC0241841F500024CD3 /* SceneDelegate.swift in Sources */,
			);
			runOnlyForDeploymentPostprocessing = 0;
		};
/* End PBXSourcesBuildPhase section */

/* Begin PBXVariantGroup section */
		A1D2EDC3241841F500024CD3 /* Main.storyboard */ = {
			isa = PBXVariantGroup;
			children = (
				A1D2EDC4241841F500024CD3 /* Base */,
			);
			name = Main.storyboard;
			sourceTree = "<group>";
		};
		A1D2EDC8241841F800024CD3 /* LaunchScreen.storyboard */ = {
			isa = PBXVariantGroup;
			children = (
				A1D2EDC9241841F800024CD3 /* Base */,
			);
			name = LaunchScreen.storyboard;
			sourceTree = "<group>";
		};
/* End PBXVariantGroup section */

/* Begin XCBuildConfiguration section */
		A1D2EDCC241841F800024CD3 /* Debug */ = {
			isa = XCBuildConfiguration;
			buildSettings = {
				ALWAYS_SEARCH_USER_PATHS = NO;
				CLANG_ANALYZER_NONNULL = YES;
				CLANG_ANALYZER_NUMBER_OBJECT_CONVERSION = YES_AGGRESSIVE;
				CLANG_CXX_LANGUAGE_STANDARD = "gnu++14";
				CLANG_CXX_LIBRARY = "libc++";
				CLANG_ENABLE_MODULES = YES;
				CLANG_ENABLE_OBJC_ARC = YES;
				CLANG_ENABLE_OBJC_WEAK = YES;
				CLANG_WARN_BLOCK_CAPTURE_AUTORELEASING = YES;
				CLANG_WARN_BOOL_CONVERSION = YES;
				CLANG_WARN_COMMA = YES;
				CLANG_WARN_CONSTANT_CONVERSION = YES;
				CLANG_WARN_DEPRECATED_OBJC_IMPLEMENTATIONS = YES;
				CLANG_WARN_DIRECT_OBJC_ISA_USAGE = YES_ERROR;
				CLANG_WARN_DOCUMENTATION_COMMENTS = YES;
				CLANG_WARN_EMPTY_BODY = YES;
				CLANG_WARN_ENUM_CONVERSION = YES;
				CLANG_WARN_INFINITE_RECURSION = YES;
				CLANG_WARN_INT_CONVERSION = YES;
				CLANG_WARN_NON_LITERAL_NULL_CONVERSION = YES;
				CLANG_WARN_OBJC_IMPLICIT_RETAIN_SELF = YES;
				CLANG_WARN_OBJC_LITERAL_CONVERSION = YES;
				CLANG_WARN_OBJC_ROOT_CLASS = YES_ERROR;
				CLANG_WARN_RANGE_LOOP_ANALYSIS = YES;
				CLANG_WARN_STRICT_PROTOTYPES = YES;
				CLANG_WARN_SUSPICIOUS_MOVE = YES;
				CLANG_WARN_UNGUARDED_AVAILABILITY = YES_AGGRESSIVE;
				CLANG_WARN_UNREACHABLE_CODE = YES;
				CLANG_WARN__DUPLICATE_METHOD_MATCH = YES;
				COPY_PHASE_STRIP = NO;
				DEBUG_INFORMATION_FORMAT = dwarf;
				ENABLE_STRICT_OBJC_MSGSEND = YES;
				ENABLE_TESTABILITY = YES;
				GCC_C_LANGUAGE_STANDARD = gnu11;
				GCC_DYNAMIC_NO_PIC = NO;
				GCC_NO_COMMON_BLOCKS = YES;
				GCC_OPTIMIZATION_LEVEL = 0;
				GCC_PREPROCESSOR_DEFINITIONS = (
					"DEBUG=1",
					"$(inherited)",
				);
				GCC_WARN_64_TO_32_BIT_CONVERSION = YES;
				GCC_WARN_ABOUT_RETURN_TYPE = YES_ERROR;
				GCC_WARN_UNDECLARED_SELECTOR = YES;
				GCC_WARN_UNINITIALIZED_AUTOS = YES_AGGRESSIVE;
				GCC_WARN_UNUSED_FUNCTION = YES;
				GCC_WARN_UNUSED_VARIABLE = YES;
				IPHONEOS_DEPLOYMENT_TARGET = 13.2;
				MTL_ENABLE_DEBUG_INFO = INCLUDE_SOURCE;
				MTL_FAST_MATH = YES;
				ONLY_ACTIVE_ARCH = YES;
				SDKROOT = iphoneos;
				SWIFT_ACTIVE_COMPILATION_CONDITIONS = DEBUG;
				SWIFT_OPTIMIZATION_LEVEL = "-Onone";
			};
			name = Debug;
		};
		A1D2EDCD241841F800024CD3 /* Release */ = {
			isa = XCBuildConfiguration;
			buildSettings = {
				ALWAYS_SEARCH_USER_PATHS = NO;
				CLANG_ANALYZER_NONNULL = YES;
				CLANG_ANALYZER_NUMBER_OBJECT_CONVERSION = YES_AGGRESSIVE;
				CLANG_CXX_LANGUAGE_STANDARD = "gnu++14";
				CLANG_CXX_LIBRARY = "libc++";
				CLANG_ENABLE_MODULES = YES;
				CLANG_ENABLE_OBJC_ARC = YES;
				CLANG_ENABLE_OBJC_WEAK = YES;
				CLANG_WARN_BLOCK_CAPTURE_AUTORELEASING = YES;
				CLANG_WARN_BOOL_CONVERSION = YES;
				CLANG_WARN_COMMA = YES;
				CLANG_WARN_CONSTANT_CONVERSION = YES;
				CLANG_WARN_DEPRECATED_OBJC_IMPLEMENTATIONS = YES;
				CLANG_WARN_DIRECT_OBJC_ISA_USAGE = YES_ERROR;
				CLANG_WARN_DOCUMENTATION_COMMENTS = YES;
				CLANG_WARN_EMPTY_BODY = YES;
				CLANG_WARN_ENUM_CONVERSION = YES;
				CLANG_WARN_INFINITE_RECURSION = YES;
				CLANG_WARN_INT_CONVERSION = YES;
				CLANG_WARN_NON_LITERAL_NULL_CONVERSION = YES;
				CLANG_WARN_OBJC_IMPLICIT_RETAIN_SELF = YES;
				CLANG_WARN_OBJC_LITERAL_CONVERSION = YES;
				CLANG_WARN_OBJC_ROOT_CLASS = YES_ERROR;
				CLANG_WARN_RANGE_LOOP_ANALYSIS = YES;
				CLANG_WARN_STRICT_PROTOTYPES = YES;
				CLANG_WARN_SUSPICIOUS_MOVE = YES;
				CLANG_WARN_UNGUARDED_AVAILABILITY = YES_AGGRESSIVE;
				CLANG_WARN_UNREACHABLE_CODE = YES;
				CLANG_WARN__DUPLICATE_METHOD_MATCH = YES;
				COPY_PHASE_STRIP = NO;
				DEBUG_INFORMATION_FORMAT = "dwarf-with-dsym";
				ENABLE_NS_ASSERTIONS = NO;
				ENABLE_STRICT_OBJC_MSGSEND = YES;
				GCC_C_LANGUAGE_STANDARD = gnu11;
				GCC_NO_COMMON_BLOCKS = YES;
				GCC_WARN_64_TO_32_BIT_CONVERSION = YES;
				GCC_WARN_ABOUT_RETURN_TYPE = YES_ERROR;
				GCC_WARN_UNDECLARED_SELECTOR = YES;
				GCC_WARN_UNINITIALIZED_AUTOS = YES_AGGRESSIVE;
				GCC_WARN_UNUSED_FUNCTION = YES;
				GCC_WARN_UNUSED_VARIABLE = YES;
				IPHONEOS_DEPLOYMENT_TARGET = 13.2;
				MTL_ENABLE_DEBUG_INFO = NO;
				MTL_FAST_MATH = YES;
				SDKROOT = iphoneos;
				SWIFT_COMPILATION_MODE = wholemodule;
				SWIFT_OPTIMIZATION_LEVEL = "-O";
				VALIDATE_PRODUCT = YES;
			};
			name = Release;
		};
		A1D2EDCF241841F800024CD3 /* Debug */ = {
			isa = XCBuildConfiguration;
			baseConfigurationReference = 6F0AA26BEA945023A50694C4 /* Pods-Netflix.debug.xcconfig */;
			buildSettings = {
				ASSETCATALOG_COMPILER_APPICON_NAME = AppIcon;
				CODE_SIGN_STYLE = Automatic;
				DEVELOPMENT_TEAM = AH3HF967DB;
				INFOPLIST_FILE = Netflix/Info.plist;
				LD_RUNPATH_SEARCH_PATHS = (
					"$(inherited)",
					"@executable_path/Frameworks",
				);
				PRODUCT_BUNDLE_IDENTIFIER = org.domestika.beta;
				PRODUCT_NAME = "$(TARGET_NAME)";
				SWIFT_VERSION = 5.0;
				TARGETED_DEVICE_FAMILY = "1,2";
			};
			name = Debug;
		};
		A1D2EDD0241841F800024CD3 /* Release */ = {
			isa = XCBuildConfiguration;
			baseConfigurationReference = 838099E70E970C46CC95A8CC /* Pods-Netflix.release.xcconfig */;
			buildSettings = {
				ASSETCATALOG_COMPILER_APPICON_NAME = AppIcon;
				CODE_SIGN_STYLE = Automatic;
				DEVELOPMENT_TEAM = AH3HF967DB;
				INFOPLIST_FILE = Netflix/Info.plist;
				LD_RUNPATH_SEARCH_PATHS = (
					"$(inherited)",
					"@executable_path/Frameworks",
				);
				PRODUCT_BUNDLE_IDENTIFIER = org.domestika.beta;
				PRODUCT_NAME = "$(TARGET_NAME)";
				SWIFT_VERSION = 5.0;
				TARGETED_DEVICE_FAMILY = "1,2";
			};
			name = Release;
		};
/* End XCBuildConfiguration section */

/* Begin XCConfigurationList section */
		A1D2EDB5241841F500024CD3 /* Build configuration list for PBXProject "Netflix" */ = {
			isa = XCConfigurationList;
			buildConfigurations = (
				A1D2EDCC241841F800024CD3 /* Debug */,
				A1D2EDCD241841F800024CD3 /* Release */,
			);
			defaultConfigurationIsVisible = 0;
			defaultConfigurationName = Release;
		};
		A1D2EDCE241841F800024CD3 /* Build configuration list for PBXNativeTarget "Netflix" */ = {
			isa = XCConfigurationList;
			buildConfigurations = (
				A1D2EDCF241841F800024CD3 /* Debug */,
				A1D2EDD0241841F800024CD3 /* Release */,
			);
			defaultConfigurationIsVisible = 0;
			defaultConfigurationName = Release;
		};
/* End XCConfigurationList section */
	};
	rootObject = A1D2EDB2241841F500024CD3 /* Project object */;
}
